
Microsoft Visual Studio Solution File, Format Version 12.00
# Visual Studio Version 17
VisualStudioVersion = 17.5.002.0
MinimumVisualStudioVersion = 10.0.40219.1
Project("{9A19103F-16F7-4668-BE54-9A1E7A4F7556}") = "Module4Lab", "Module4Lab\Module4Lab.csproj", "{A3B17118-BDE3-486D-9346-32304D2C1581}"
EndProject
Global
	GlobalSection(SolutionConfigurationPlatforms) = preSolution
		Debug|Any CPU = Debug|Any CPU
		Release|Any CPU = Release|Any CPU
	EndGlobalSection
	GlobalSection(ProjectConfigurationPlatforms) = postSolution
		{A3B17118-BDE3-486D-9346-32304D2C1581}.Debug|Any CPU.ActiveCfg = Debug|Any CPU
		{A3B17118-BDE3-486D-9346-32304D2C1581}.Debug|Any CPU.Build.0 = Debug|Any CPU
		{A3B17118-BDE3-486D-9346-32304D2C1581}.Release|Any CPU.ActiveCfg = Release|Any CPU
		{A3B17118-BDE3-486D-9346-32304D2C1581}.Release|Any CPU.Build.0 = Release|Any CPU
	EndGlobalSection
	GlobalSection(SolutionProperties) = preSolution
		HideSolutionNode = FALSE
	EndGlobalSection
	GlobalSection(ExtensibilityGlobals) = postSolution
		SolutionGuid = {BBD479C7-C52A-4424-A536-EE18FCC6B588}
	EndGlobalSection
EndGlobal
